{
    "_meta": {
        "hash": {
            "sha256": "4f85e8a8a2a1d49000cb1d0e6a92ef11b45c75f566b9a24cb95675e27de89b83"
        },
        "pipfile-spec": 6,
        "requires": {
            "python_version": "3.10"
        },
        "sources": [
            {
                "name": "pypi",
                "url": "https://pypi.org/simple",
                "verify_ssl": true
            }
        ]
    },
    "default": {
        "blinker": {
            "hashes": [
                "sha256:c3f865d4d54db7abc53758a01601cf343fe55b84c1de4e3fa910e420b438d5b9",
                "sha256:e6820ff6fa4e4d1d8e2747c2283749c3f547e4fee112b98555cdcdae32996182"
            ],
            "markers": "python_version >= '3.8'",
            "version": "==1.7.0"
        },
        "bootstrap-flask": {
            "hashes": [
                "sha256:4c3d1f1b8ee19081dfc80e03aba5cb19cd92a8d54ba0ba98cee69acffded91d0",
                "sha256:8c40d846e12af0e66d673bcb883d8344fd5ea95244f54e5b119e680e000ccf49"
            ],
            "index": "pypi",
            "version": "==2.3.3"
        },
        "click": {
            "hashes": [
                "sha256:ae74fb96c20a0277a1d615f1e4d73c8414f5a98db8b799a7931d1582f3390c28",
                "sha256:ca9853ad459e787e2192211578cc907e7594e294c7ccc834310722b41b9ca6de"
            ],
            "markers": "python_version >= '3.7'",
            "version": "==8.1.7"
        },
        "colorama": {
            "hashes": [
                "sha256:08695f5cb7ed6e0531a20572697297273c47b8cae5a63ffc6d6ed5c201be6e44",
                "sha256:4f1d9991f5acc0ca119f9d443620b77f9d6b33703e51011c16baf57afb285fc6"
            ],
            "markers": "platform_system == 'Windows'",
            "version": "==0.4.6"
        },
        "dnspython": {
            "hashes": [
                "sha256:6facdf76b73c742ccf2d07add296f178e629da60be23ce4b0a9c927b1e02c3a6",
                "sha256:a0034815a59ba9ae888946be7ccca8f7c157b286f8455b379c692efb51022a15"
            ],
            "markers": "python_version >= '3.8'",
            "version": "==2.5.0"
        },
        "email-validator": {
            "hashes": [
                "sha256:a4b0bd1cf55f073b924258d19321b1f3aa74b4b5a71a42c305575dba920e1a44",
                "sha256:c973053efbeddfef924dc0bd93f6e77a1ea7ee0fce935aea7103c7a3d6d2d637"
            ],
            "index": "pypi",
            "version": "==2.1.0.post1"
        },
        "flask": {
            "hashes": [
                "sha256:6489f51bb3666def6f314e15f19d50a1869a19ae0e8c9a3641ffe66c77d42403",
                "sha256:ca631a507f6dfe6c278ae20112cea3ff54ff2216390bf8880f6b035a5354af13"
            ],
            "index": "pypi",
            "version": "==3.0.1"
        },
        "flask-mail": {
            "hashes": [
                "sha256:22e5eb9a940bf407bcf30410ecc3708f3c56cc44b29c34e1726fe85006935f41"
            ],
            "index": "pypi",
            "version": "==0.9.1"
        },
        "flask-wtf": {
            "hashes": [
                "sha256:8bb269eb9bb46b87e7c8233d7e7debdf1f8b74bf90cc1789988c29b37a97b695",
                "sha256:fa6793f2fb7e812e0fe9743b282118e581fb1b6c45d414b8af05e659bd653287"
            ],
            "index": "pypi",
            "version": "==1.2.1"
        },
        "gunicorn": {
            "hashes": [
                "sha256:3213aa5e8c24949e792bcacfc176fef362e7aac80b76c56f6b5122bf350722f0",
                "sha256:88ec8bff1d634f98e61b9f65bc4bf3cd918a90806c6f5c48bc5603849ec81033"
            ],
            "index": "pypi",
            "version": "==21.2.0"
        },
        "idna": {
            "hashes": [
                "sha256:9ecdbbd083b06798ae1e86adcbfe8ab1479cf864e4ee30fe4e46a003d12491ca",
                "sha256:c05567e9c24a6b9faaa835c4821bad0590fbb9d5779e7caa6e1cc4978e7eb24f"
            ],
            "markers": "python_version >= '3.5'",
            "version": "==3.6"
        },
        "importlib-metadata": {
            "hashes": [
                "sha256:da31db32b304314d044d3c12c79bd59e307889b287ad12ff387b3500835fc2ab",
                "sha256:ddb0e35065e8938f867ed4928d0ae5bf2a53b7773871bfe6bcc7e4fcdc7dea43"
            ],
            "markers": "python_version < '3.10'",
            "version": "==5.0.0"
        },
        "itsdangerous": {
            "hashes": [
                "sha256:2c2349112351b88699d8d4b6b075022c0808887cb7ad10069318a8b0bc88db44",
                "sha256:5dbbc68b317e5e42f327f9021763545dc3fc3bfe22e6deb96aaf1fc38874156a"
            ],
            "markers": "python_version >= '3.7'",
            "version": "==2.1.2"
        },
        "jinja2": {
            "hashes": [
                "sha256:7d6d50dd97d52cbc355597bd845fabfbac3f551e1f99619e39a35ce8c370b5fa",
                "sha256:ac8bd6544d4bb2c9792bf3a159e80bba8fda7f07e81bc3aed565432d5925ba90"
            ],
            "markers": "python_version >= '3.7'",
            "version": "==3.1.3"
        },
        "markupsafe": {
            "hashes": [
                "sha256:0042d6a9880b38e1dd9ff83146cc3c9c18a059b9360ceae207805567aacccc69",
                "sha256:0c26f67b3fe27302d3a412b85ef696792c4a2386293c53ba683a89562f9399b0",
                "sha256:0fbad3d346df8f9d72622ac71b69565e621ada2ce6572f37c2eae8dacd60385d",
                "sha256:15866d7f2dc60cfdde12ebb4e75e41be862348b4728300c36cdf405e258415ec",
                "sha256:1c98c33ffe20e9a489145d97070a435ea0679fddaabcafe19982fe9c971987d5",
                "sha256:21e7af8091007bf4bebf4521184f4880a6acab8df0df52ef9e513d8e5db23411",
                "sha256:23984d1bdae01bee794267424af55eef4dfc038dc5d1272860669b2aa025c9e3",
                "sha256:31f57d64c336b8ccb1966d156932f3daa4fee74176b0fdc48ef580be774aae74",
                "sha256:3583a3a3ab7958e354dc1d25be74aee6228938312ee875a22330c4dc2e41beb0",
                "sha256:36d7626a8cca4d34216875aee5a1d3d654bb3dac201c1c003d182283e3205949",
                "sha256:396549cea79e8ca4ba65525470d534e8a41070e6b3500ce2414921099cb73e8d",
                "sha256:3a66c36a3864df95e4f62f9167c734b3b1192cb0851b43d7cc08040c074c6279",
                "sha256:3aae9af4cac263007fd6309c64c6ab4506dd2b79382d9d19a1994f9240b8db4f",
                "sha256:3ab3a886a237f6e9c9f4f7d272067e712cdb4efa774bef494dccad08f39d8ae6",
                "sha256:47bb5f0142b8b64ed1399b6b60f700a580335c8e1c57f2f15587bd072012decc",
                "sha256:49a3b78a5af63ec10d8604180380c13dcd870aba7928c1fe04e881d5c792dc4e",
                "sha256:4df98d4a9cd6a88d6a585852f56f2155c9cdb6aec78361a19f938810aa020954",
                "sha256:5045e892cfdaecc5b4c01822f353cf2c8feb88a6ec1c0adef2a2e705eef0f656",
                "sha256:5244324676254697fe5c181fc762284e2c5fceeb1c4e3e7f6aca2b6f107e60dc",
                "sha256:54635102ba3cf5da26eb6f96c4b8c53af8a9c0d97b64bdcb592596a6255d8518",
                "sha256:54a7e1380dfece8847c71bf7e33da5d084e9b889c75eca19100ef98027bd9f56",
                "sha256:55d03fea4c4e9fd0ad75dc2e7e2b6757b80c152c032ea1d1de487461d8140efc",
                "sha256:698e84142f3f884114ea8cf83e7a67ca8f4ace8454e78fe960646c6c91c63bfa",
                "sha256:6aa5e2e7fc9bc042ae82d8b79d795b9a62bd8f15ba1e7594e3db243f158b5565",
                "sha256:7653fa39578957bc42e5ebc15cf4361d9e0ee4b702d7d5ec96cdac860953c5b4",
                "sha256:765f036a3d00395a326df2835d8f86b637dbaf9832f90f5d196c3b8a7a5080cb",
                "sha256:78bc995e004681246e85e28e068111a4c3f35f34e6c62da1471e844ee1446250",
                "sha256:7a07f40ef8f0fbc5ef1000d0c78771f4d5ca03b4953fc162749772916b298fc4",
                "sha256:8b570a1537367b52396e53325769608f2a687ec9a4363647af1cded8928af959",
                "sha256:987d13fe1d23e12a66ca2073b8d2e2a75cec2ecb8eab43ff5624ba0ad42764bc",
                "sha256:9896fca4a8eb246defc8b2a7ac77ef7553b638e04fbf170bff78a40fa8a91474",
                "sha256:9e9e3c4020aa2dc62d5dd6743a69e399ce3de58320522948af6140ac959ab863",
                "sha256:a0b838c37ba596fcbfca71651a104a611543077156cb0a26fe0c475e1f152ee8",
                "sha256:a4d176cfdfde84f732c4a53109b293d05883e952bbba68b857ae446fa3119b4f",
                "sha256:a76055d5cb1c23485d7ddae533229039b850db711c554a12ea64a0fd8a0129e2",
                "sha256:a76cd37d229fc385738bd1ce4cba2a121cf26b53864c1772694ad0ad348e509e",
                "sha256:a7cc49ef48a3c7a0005a949f3c04f8baa5409d3f663a1b36f0eba9bfe2a0396e",
                "sha256:abf5ebbec056817057bfafc0445916bb688a255a5146f900445d081db08cbabb",
                "sha256:b0fe73bac2fed83839dbdbe6da84ae2a31c11cfc1c777a40dbd8ac8a6ed1560f",
                "sha256:b6f14a9cd50c3cb100eb94b3273131c80d102e19bb20253ac7bd7336118a673a",
                "sha256:b83041cda633871572f0d3c41dddd5582ad7d22f65a72eacd8d3d6d00291df26",
                "sha256:b835aba863195269ea358cecc21b400276747cc977492319fd7682b8cd2c253d",
                "sha256:bf1196dcc239e608605b716e7b166eb5faf4bc192f8a44b81e85251e62584bd2",
                "sha256:c669391319973e49a7c6230c218a1e3044710bc1ce4c8e6eb71f7e6d43a2c131",
                "sha256:c7556bafeaa0a50e2fe7dc86e0382dea349ebcad8f010d5a7dc6ba568eaaa789",
                "sha256:c8f253a84dbd2c63c19590fa86a032ef3d8cc18923b8049d91bcdeeb2581fbf6",
                "sha256:d18b66fe626ac412d96c2ab536306c736c66cf2a31c243a45025156cc190dc8a",
                "sha256:d5291d98cd3ad9a562883468c690a2a238c4a6388ab3bd155b0c75dd55ece858",
                "sha256:d5c31fe855c77cad679b302aabc42d724ed87c043b1432d457f4976add1c2c3e",
                "sha256:d6e427c7378c7f1b2bef6a344c925b8b63623d3321c09a237b7cc0e77dd98ceb",
                "sha256:dac1ebf6983148b45b5fa48593950f90ed6d1d26300604f321c74a9ca1609f8e",
                "sha256:de8153a7aae3835484ac168a9a9bdaa0c5eee4e0bc595503c95d53b942879c84",
                "sha256:e1a0d1924a5013d4f294087e00024ad25668234569289650929ab871231668e7",
                "sha256:e7902211afd0af05fbadcc9a312e4cf10f27b779cf1323e78d52377ae4b72bea",
                "sha256:e888ff76ceb39601c59e219f281466c6d7e66bd375b4ec1ce83bcdc68306796b",
                "sha256:f06e5a9e99b7df44640767842f414ed5d7bedaaa78cd817ce04bbd6fd86e2dd6",
                "sha256:f6be2d708a9d0e9b0054856f07ac7070fbe1754be40ca8525d5adccdbda8f475",
                "sha256:f9917691f410a2e0897d1ef99619fd3f7dd503647c8ff2475bf90c3cf222ad74",
                "sha256:fc1a75aa8f11b87910ffd98de62b29d6520b6d6e8a3de69a70ca34dea85d2a8a",
                "sha256:fe8512ed897d5daf089e5bd010c3dc03bb1bdae00b35588c49b98268d4a01e00"
            ],
            "markers": "python_version >= '3.7'",
            "version": "==2.1.4"
        },
        "networkx": {
            "hashes": [
                "sha256:9f1bb5cf3409bf324e0a722c20bdb4c20ee39bf1c30ce8ae499c8502b0b5e0c6",
                "sha256:f18c69adc97877c42332c170849c96cefa91881c99a7cb3e95b7c659ebdc1ec2"
            ],
            "index": "pypi",
            "version": "==3.2.1"
        },
        "packaging": {
            "hashes": [
                "sha256:048fb0e9405036518eaaf48a55953c750c11e1a1b68e0dd1a9d62ed0c092cfc5",
                "sha256:8c491190033a9af7e1d931d0b5dacc2ef47509b34dd0de67ed209b5203fc88c7"
            ],
            "markers": "python_version >= '3.7'",
            "version": "==23.2"
        },
        "setuptools": {
            "hashes": [
                "sha256:1b6bdc6161661409c5f21508763dc63ab20a9ac2f8ba20029aaaa7fdb9118012",
                "sha256:3050e338e5871e70c72983072fe34f6032ae1cdeeeb67338199c2f74e083a80e"
            ],
            "markers": "python_version >= '3.7'",
            "version": "==65.4.1"
        },
        "typing-extensions": {
            "hashes": [
                "sha256:1511434bb92bf8dd198c12b1cc812e800d4181cfcb867674e0f8279cc93087aa",
                "sha256:16fa4864408f655d35ec496218b85f79b3437c829e93320c7c9215ccfd92489e"
            ],
            "markers": "python_version < '3.8'",
            "version": "==4.4.0"
        },
        "werkzeug": {
            "hashes": [
                "sha256:507e811ecea72b18a404947aded4b3390e1db8f826b494d76550ef45bb3b1dcc",
                "sha256:90a285dc0e42ad56b34e696398b8122ee4c681833fb35b8334a095d82c56da10"
            ],
            "markers": "python_version >= '3.8'",
            "version": "==3.0.1"
        },
        "wtforms": {
            "hashes": [
                "sha256:bf831c042829c8cdbad74c27575098d541d039b1faa74c771545ecac916f2c07",
                "sha256:f8d76180d7239c94c6322f7990ae1216dae3659b7aa1cee94b6318bdffb474b9"
            ],
            "markers": "python_version >= '3.8'",
            "version": "==3.1.2"
        },
        "zipp": {
            "hashes": [
                "sha256:05b45f1ee8f807d0cc928485ca40a07cb491cf092ff587c0df9cb1fd154848d2",
                "sha256:47c40d7fe183a6f21403a199b3e4192cca5774656965b0a4988ad2f8feb5f009"
            ],
            "markers": "python_version >= '3.7'",
            "version": "==3.8.1"
        }
    },
    "develop": {
        "astroid": {
            "hashes": [
                "sha256:4a61cf0a59097c7bb52689b0fd63717cd2a8a14dc9f1eee97b82d814881c8c91",
                "sha256:d6e62862355f60e716164082d6b4b041d38e2a8cf1c7cd953ded5108bac8ff5c"
            ],
            "markers": "python_full_version >= '3.8.0'",
            "version": "==3.0.2"
        },
        "attrs": {
            "hashes": [
                "sha256:29adc2665447e5191d0e7c568fde78b21f9672d344281d0c6e1ab085429b22b6",
                "sha256:86efa402f67bf2df34f51a335487cf46b1ec130d02b8d39fd248abfd30da551c"
            ],
            "markers": "python_version >= '3.5'",
            "version": "==22.1.0"
        },
        "autopep8": {
            "hashes": [
                "sha256:067959ca4a07b24dbd5345efa8325f5f58da4298dab0dde0443d5ed765de80cb",
                "sha256:2913064abd97b3419d1cc83ea71f042cb821f87e45b9c88cad5ad3c4ea87fe0c"
            ],
            "index": "pypi",
            "version": "==2.0.4"
        },
        "black": {
            "hashes": [
                "sha256:0808494f2b2df923ffc5723ed3c7b096bd76341f6213989759287611e9837d50",
                "sha256:1fa88a0f74e50e4487477bc0bb900c6781dbddfdfa32691e780bf854c3b4a47f",
                "sha256:25e57fd232a6d6ff3f4478a6fd0580838e47c93c83eaf1ccc92d4faf27112c4e",
                "sha256:2d9e13db441c509a3763a7a3d9a49ccc1b4e974a47be4e08ade2a228876500ec",
                "sha256:3e1b38b3135fd4c025c28c55ddfc236b05af657828a8a6abe5deec419a0b7055",
                "sha256:3fa4be75ef2a6b96ea8d92b1587dd8cb3a35c7e3d51f0738ced0781c3aa3a5a3",
                "sha256:4ce3ef14ebe8d9509188014d96af1c456a910d5b5cbf434a09fef7e024b3d0d5",
                "sha256:4f0031eaa7b921db76decd73636ef3a12c942ed367d8c3841a0739412b260a54",
                "sha256:602cfb1196dc692424c70b6507593a2b29aac0547c1be9a1d1365f0d964c353b",
                "sha256:6d1bd9c210f8b109b1762ec9fd36592fdd528485aadb3f5849b2740ef17e674e",
                "sha256:78baad24af0f033958cad29731e27363183e140962595def56423e626f4bee3e",
                "sha256:8d4df77958a622f9b5a4c96edb4b8c0034f8434032ab11077ec6c56ae9f384ba",
                "sha256:97e56155c6b737854e60a9ab1c598ff2533d57e7506d97af5481141671abf3ea",
                "sha256:9c4352800f14be5b4864016882cdba10755bd50805c95f728011bcb47a4afd59",
                "sha256:a4d6a9668e45ad99d2f8ec70d5c8c04ef4f32f648ef39048d010b0689832ec6d",
                "sha256:a920b569dc6b3472513ba6ddea21f440d4b4c699494d2e972a1753cdc25df7b0",
                "sha256:ae76c22bde5cbb6bfd211ec343ded2163bba7883c7bc77f6b756a1049436fbb9",
                "sha256:b18fb2ae6c4bb63eebe5be6bd869ba2f14fd0259bda7d18a46b764d8fb86298a",
                "sha256:c04b6d9d20e9c13f43eee8ea87d44156b8505ca8a3c878773f68b4e4812a421e",
                "sha256:c88b3711d12905b74206227109272673edce0cb29f27e1385f33b0163c414bba",
                "sha256:dd15245c8b68fe2b6bd0f32c1556509d11bb33aec9b5d0866dd8e2ed3dba09c2",
                "sha256:e0aaf6041986767a5e0ce663c7a2f0e9eaf21e6ff87a5f95cbf3675bfd4c41d2"
            ],
            "index": "pypi",
            "version": "==23.12.1"
        },
        "click": {
            "hashes": [
                "sha256:ae74fb96c20a0277a1d615f1e4d73c8414f5a98db8b799a7931d1582f3390c28",
                "sha256:ca9853ad459e787e2192211578cc907e7594e294c7ccc834310722b41b9ca6de"
            ],
            "markers": "python_version >= '3.7'",
            "version": "==8.1.7"
        },
        "colorama": {
            "hashes": [
                "sha256:08695f5cb7ed6e0531a20572697297273c47b8cae5a63ffc6d6ed5c201be6e44",
                "sha256:4f1d9991f5acc0ca119f9d443620b77f9d6b33703e51011c16baf57afb285fc6"
            ],
            "markers": "platform_system == 'Windows'",
            "version": "==0.4.6"
        },
        "dill": {
            "hashes": [
                "sha256:76b122c08ef4ce2eedcd4d1abd8e641114bfc6c2867f49f3c41facf65bf19f5e",
                "sha256:cc1c8b182eb3013e24bd475ff2e9295af86c1a38eb1aff128dac8962a9ce3c03"
            ],
            "markers": "python_version < '3.11'",
            "version": "==0.3.7"
        },
        "exceptiongroup": {
            "hashes": [
                "sha256:4bfd3996ac73b41e9b9628b04e079f193850720ea5945fc96a08633c66912f14",
                "sha256:91f5c769735f051a4290d52edd0858999b57e5876e9f85937691bd4c9fa3ed68"
            ],
            "markers": "python_version < '3.11'",
            "version": "==1.2.0"
        },
        "importlib-metadata": {
            "hashes": [
                "sha256:da31db32b304314d044d3c12c79bd59e307889b287ad12ff387b3500835fc2ab",
                "sha256:ddb0e35065e8938f867ed4928d0ae5bf2a53b7773871bfe6bcc7e4fcdc7dea43"
            ],
            "markers": "python_version < '3.10'",
            "version": "==5.0.0"
        },
        "iniconfig": {
            "hashes": [
                "sha256:2d91e135bf72d31a410b17c16da610a82cb55f6b0477d1a902134b24a455b8b3",
                "sha256:b6a85871a79d2e3b22d2d1b94ac2824226a63c6b741c88f7ae975f18b6778374"
            ],
            "markers": "python_version >= '3.7'",
            "version": "==2.0.0"
        },
        "isort": {
            "hashes": [
                "sha256:48fdfcb9face5d58a4f6dde2e72a1fb8dcaf8ab26f95ab49fab84c2ddefb0109",
                "sha256:8ca5e72a8d85860d5a3fa69b8745237f2939afe12dbf656afbcb47fe72d947a6"
            ],
            "markers": "python_full_version >= '3.8.0'",
            "version": "==5.13.2"
        },
        "lazy-object-proxy": {
            "hashes": [
                "sha256:043651b6cb706eee4f91854da4a089816a6606c1428fd391573ef8cb642ae4f7",
                "sha256:07fa44286cda977bd4803b656ffc1c9b7e3bc7dff7d34263446aec8f8c96f88a",
                "sha256:12f3bb77efe1367b2515f8cb4790a11cffae889148ad33adad07b9b55e0ab22c",
                "sha256:2052837718516a94940867e16b1bb10edb069ab475c3ad84fd1e1a6dd2c0fcfc",
                "sha256:2130db8ed69a48a3440103d4a520b89d8a9405f1b06e2cc81640509e8bf6548f",
                "sha256:39b0e26725c5023757fc1ab2a89ef9d7ab23b84f9251e28f9cc114d5b59c1b09",
                "sha256:46ff647e76f106bb444b4533bb4153c7370cdf52efc62ccfc1a28bdb3cc95442",
                "sha256:4dca6244e4121c74cc20542c2ca39e5c4a5027c81d112bfb893cf0790f96f57e",
                "sha256:553b0f0d8dbf21890dd66edd771f9b1b5f51bd912fa5f26de4449bfc5af5e029",
                "sha256:677ea950bef409b47e51e733283544ac3d660b709cfce7b187f5ace137960d61",
                "sha256:6a24357267aa976abab660b1d47a34aaf07259a0c3859a34e536f1ee6e76b5bb",
                "sha256:6a6e94c7b02641d1311228a102607ecd576f70734dc3d5e22610111aeacba8a0",
                "sha256:6aff3fe5de0831867092e017cf67e2750c6a1c7d88d84d2481bd84a2e019ec35",
                "sha256:6ecbb350991d6434e1388bee761ece3260e5228952b1f0c46ffc800eb313ff42",
                "sha256:7096a5e0c1115ec82641afbdd70451a144558ea5cf564a896294e346eb611be1",
                "sha256:70ed0c2b380eb6248abdef3cd425fc52f0abd92d2b07ce26359fcbc399f636ad",
                "sha256:8561da8b3dd22d696244d6d0d5330618c993a215070f473b699e00cf1f3f6443",
                "sha256:85b232e791f2229a4f55840ed54706110c80c0a210d076eee093f2b2e33e1bfd",
                "sha256:898322f8d078f2654d275124a8dd19b079080ae977033b713f677afcfc88e2b9",
                "sha256:8f3953eb575b45480db6568306893f0bd9d8dfeeebd46812aa09ca9579595148",
                "sha256:91ba172fc5b03978764d1df5144b4ba4ab13290d7bab7a50f12d8117f8630c38",
                "sha256:9d166602b525bf54ac994cf833c385bfcc341b364e3ee71e3bf5a1336e677b55",
                "sha256:a57d51ed2997e97f3b8e3500c984db50a554bb5db56c50b5dab1b41339b37e36",
                "sha256:b9e89b87c707dd769c4ea91f7a31538888aad05c116a59820f28d59b3ebfe25a",
                "sha256:bb8c5fd1684d60a9902c60ebe276da1f2281a318ca16c1d0a96db28f62e9166b",
                "sha256:c19814163728941bb871240d45c4c30d33b8a2e85972c44d4e63dd7107faba44",
                "sha256:c4ce15276a1a14549d7e81c243b887293904ad2d94ad767f42df91e75fd7b5b6",
                "sha256:c7a683c37a8a24f6428c28c561c80d5f4fd316ddcf0c7cab999b15ab3f5c5c69",
                "sha256:d609c75b986def706743cdebe5e47553f4a5a1da9c5ff66d76013ef396b5a8a4",
                "sha256:d66906d5785da8e0be7360912e99c9188b70f52c422f9fc18223347235691a84",
                "sha256:dd7ed7429dbb6c494aa9bc4e09d94b778a3579be699f9d67da7e6804c422d3de",
                "sha256:df2631f9d67259dc9620d831384ed7732a198eb434eadf69aea95ad18c587a28",
                "sha256:e368b7f7eac182a59ff1f81d5f3802161932a41dc1b1cc45c1f757dc876b5d2c",
                "sha256:e40f2013d96d30217a51eeb1db28c9ac41e9d0ee915ef9d00da639c5b63f01a1",
                "sha256:f769457a639403073968d118bc70110e7dce294688009f5c24ab78800ae56dc8",
                "sha256:fccdf7c2c5821a8cbd0a9440a456f5050492f2270bd54e94360cac663398739b",
                "sha256:fd45683c3caddf83abbb1249b653a266e7069a09f486daa8863fb0e7496a9fdb"
            ],
            "markers": "python_version >= '3.6'",
            "version": "==1.7.1"
        },
        "mccabe": {
            "hashes": [
                "sha256:348e0240c33b60bbdf4e523192ef919f28cb2c3d7d5c7794f74009290f236325",
                "sha256:6c2d30ab6be0e4a46919781807b4f0d834ebdd6c6e3dca0bda5a15f863427b6e"
            ],
            "markers": "python_version >= '3.6'",
            "version": "==0.7.0"
        },
        "mypy-extensions": {
            "hashes": [
                "sha256:4392f6c0eb8a5668a69e23d168ffa70f0be9ccfd32b5cc2d26a34ae5b844552d",
                "sha256:75dbf8955dc00442a438fc4d0666508a9a97b6bd41aa2f0ffe9d2f2725af0782"
            ],
            "markers": "python_version >= '3.5'",
            "version": "==1.0.0"
        },
        "packaging": {
            "hashes": [
                "sha256:048fb0e9405036518eaaf48a55953c750c11e1a1b68e0dd1a9d62ed0c092cfc5",
                "sha256:8c491190033a9af7e1d931d0b5dacc2ef47509b34dd0de67ed209b5203fc88c7"
            ],
            "markers": "python_version >= '3.7'",
            "version": "==23.2"
        },
        "pathspec": {
            "hashes": [
                "sha256:a0d503e138a4c123b27490a4f7beda6a01c6f288df0e4a8b79c7eb0dc7b4cc08",
                "sha256:a482d51503a1ab33b1c67a6c3813a26953dbdc71c31dacaef9a838c4e29f5712"
            ],
            "markers": "python_version >= '3.8'",
            "version": "==0.12.1"
        },
        "platformdirs": {
            "hashes": [
                "sha256:11c8f37bcca40db96d8144522d925583bdb7a31f7b0e37e3ed4318400a8e2380",
                "sha256:906d548203468492d432bcb294d4bc2fff751bf84971fbb2c10918cc206ee420"
            ],
            "markers": "python_version >= '3.8'",
            "version": "==4.1.0"
        },
        "pluggy": {
            "hashes": [
                "sha256:cf61ae8f126ac6f7c451172cf30e3e43d3ca77615509771b3a984a0730651e12",
                "sha256:d89c696a773f8bd377d18e5ecda92b7a3793cbe66c87060a6fb58c7b6e1061f7"
            ],
            "markers": "python_version >= '3.8'",
            "version": "==1.3.0"
        },
        "py": {
            "hashes": [
                "sha256:51c75c4126074b472f746a24399ad32f6053d1b34b68d2fa41e558e6f4a98719",
                "sha256:607c53218732647dff4acdfcd50cb62615cedf612e72d1724fb1a0cc6405b378"
            ],
            "markers": "python_version >= '2.7' and python_version not in '3.0, 3.1, 3.2, 3.3, 3.4'",
            "version": "==1.11.0"
        },
        "pycodestyle": {
            "hashes": [
                "sha256:41ba0e7afc9752dfb53ced5489e89f8186be00e599e712660695b7a75ff2663f",
                "sha256:44fe31000b2d866f2e41841b18528a505fbd7fef9017b04eff4e2648a0fadc67"
            ],
            "markers": "python_version >= '3.8'",
            "version": "==2.11.1"
        },
        "pylint": {
            "hashes": [
                "sha256:58c2398b0301e049609a8429789ec6edf3aabe9b6c5fec916acd18639c16de8b",
                "sha256:7a1585285aefc5165db81083c3e06363a27448f6b467b3b0f30dbd0ac1f73810"
            ],
            "index": "pypi",
            "version": "==3.0.3"
        },
        "pyparsing": {
            "hashes": [
                "sha256:2b020ecf7d21b687f219b71ecad3631f644a47f01403fa1d1036b0c6416d70fb",
                "sha256:5026bae9a10eeaefb61dab2f09052b9f4307d44aee4eda64b309723d8d206bbc"
            ],
            "markers": "python_full_version >= '3.6.8'",
            "version": "==3.0.9"
        },
        "pytest": {
            "hashes": [
                "sha256:2cf0005922c6ace4a3e2ec8b4080eb0d9753fdc93107415332f50ce9e7994280",
                "sha256:b090cdf5ed60bf4c45261be03239c2c1c22df034fbffe691abe93cd80cea01d8"
            ],
            "index": "pypi",
            "version": "==7.4.4"
        },
        "pytest-dotenv": {
            "hashes": [
                "sha256:2dc6c3ac6d8764c71c6d2804e902d0ff810fa19692e95fe138aefc9b1aa73732",
                "sha256:40a2cece120a213898afaa5407673f6bd924b1fa7eafce6bda0e8abffe2f710f"
            ],
            "index": "pypi",
            "version": "==0.5.2"
        },
        "python-dotenv": {
            "hashes": [
                "sha256:a8df96034aae6d2d50a4ebe8216326c61c3eb64836776504fcca410e5937a3ba",
                "sha256:f5971a9226b701070a4bf2c38c89e5a3f0d64de8debda981d1db98583009122a"
            ],
            "markers": "python_version >= '3.8'",
            "version": "==1.0.0"
        },
        "toml": {
            "hashes": [
                "sha256:806143ae5bfb6a3c6e736a764057db0e6a0e05e338b5630894a5f779cabb4f9b",
                "sha256:b3bda1d108d5dd99f4a20d24d9c348e91c4db7ab1b749200bded2f839ccbe68f"
            ],
            "markers": "python_version >= '2.6' and python_version not in '3.0, 3.1, 3.2, 3.3'",
            "version": "==0.10.2"
        },
        "tomli": {
            "hashes": [
                "sha256:939de3e7a6161af0c887ef91b7d41a53e7c5a1ca976325f429cb46ea9bc30ecc",
                "sha256:de526c12914f0c550d15924c62d72abc48d6fe7364aa87328337a31007fe8a4f"
            ],
            "markers": "python_version < '3.11'",
            "version": "==2.0.1"
        },
        "tomlkit": {
            "hashes": [
                "sha256:75baf5012d06501f07bee5bf8e801b9f343e7aac5a92581f20f80ce632e6b5a4",
                "sha256:b0a645a9156dc7cb5d3a1f0d4bab66db287fcb8e0430bdd4664a095ea16414ba"
            ],
            "markers": "python_version >= '3.7'",
            "version": "==0.12.3"
        },
        "typed-ast": {
            "hashes": [
                "sha256:0261195c2062caf107831e92a76764c81227dae162c4f75192c0d489faf751a2",
                "sha256:0fdbcf2fef0ca421a3f5912555804296f0b0960f0418c440f5d6d3abb549f3e1",
                "sha256:183afdf0ec5b1b211724dfef3d2cad2d767cbefac291f24d69b00546c1837fb6",
                "sha256:211260621ab1cd7324e0798d6be953d00b74e0428382991adfddb352252f1d62",
                "sha256:267e3f78697a6c00c689c03db4876dd1efdfea2f251a5ad6555e82a26847b4ac",
                "sha256:2efae9db7a8c05ad5547d522e7dbe62c83d838d3906a3716d1478b6c1d61388d",
                "sha256:370788a63915e82fd6f212865a596a0fefcbb7d408bbbb13dea723d971ed8bdc",
                "sha256:39e21ceb7388e4bb37f4c679d72707ed46c2fbf2a5609b8b8ebc4b067d977df2",
                "sha256:3e123d878ba170397916557d31c8f589951e353cc95fb7f24f6bb69adc1a8a97",
                "sha256:4879da6c9b73443f97e731b617184a596ac1235fe91f98d279a7af36c796da35",
                "sha256:4e964b4ff86550a7a7d56345c7864b18f403f5bd7380edf44a3c1fb4ee7ac6c6",
                "sha256:639c5f0b21776605dd6c9dbe592d5228f021404dafd377e2b7ac046b0349b1a1",
                "sha256:669dd0c4167f6f2cd9f57041e03c3c2ebf9063d0757dc89f79ba1daa2bfca9d4",
                "sha256:6778e1b2f81dfc7bc58e4b259363b83d2e509a65198e85d5700dfae4c6c8ff1c",
                "sha256:683407d92dc953c8a7347119596f0b0e6c55eb98ebebd9b23437501b28dcbb8e",
                "sha256:79b1e0869db7c830ba6a981d58711c88b6677506e648496b1f64ac7d15633aec",
                "sha256:7d5d014b7daa8b0bf2eaef684295acae12b036d79f54178b92a2b6a56f92278f",
                "sha256:98f80dee3c03455e92796b58b98ff6ca0b2a6f652120c263efdba4d6c5e58f72",
                "sha256:a94d55d142c9265f4ea46fab70977a1944ecae359ae867397757d836ea5a3f47",
                "sha256:a9916d2bb8865f973824fb47436fa45e1ebf2efd920f2b9f99342cb7fab93f72",
                "sha256:c542eeda69212fa10a7ada75e668876fdec5f856cd3d06829e6aa64ad17c8dfe",
                "sha256:cf4afcfac006ece570e32d6fa90ab74a17245b83dfd6655a6f68568098345ff6",
                "sha256:ebd9d7f80ccf7a82ac5f88c521115cc55d84e35bf8b446fcd7836eb6b98929a3",
                "sha256:ed855bbe3eb3715fca349c80174cfcfd699c2f9de574d40527b8429acae23a66"
            ],
            "markers": "python_version < '3.8' and implementation_name == 'cpython'",
            "version": "==1.5.4"
        },
        "typing-extensions": {
            "hashes": [
                "sha256:1511434bb92bf8dd198c12b1cc812e800d4181cfcb867674e0f8279cc93087aa",
                "sha256:16fa4864408f655d35ec496218b85f79b3437c829e93320c7c9215ccfd92489e"
            ],
            "markers": "python_version < '3.8'",
            "version": "==4.4.0"
        },
        "wrapt": {
            "hashes": [
                "sha256:00b6d4ea20a906c0ca56d84f93065b398ab74b927a7a3dbd470f6fc503f95dc3",
                "sha256:01c205616a89d09827986bc4e859bcabd64f5a0662a7fe95e0d359424e0e071b",
                "sha256:02b41b633c6261feff8ddd8d11c711df6842aba629fdd3da10249a53211a72c4",
                "sha256:07f7a7d0f388028b2df1d916e94bbb40624c59b48ecc6cbc232546706fac74c2",
                "sha256:11871514607b15cfeb87c547a49bca19fde402f32e2b1c24a632506c0a756656",
                "sha256:1b376b3f4896e7930f1f772ac4b064ac12598d1c38d04907e696cc4d794b43d3",
                "sha256:21ac0156c4b089b330b7666db40feee30a5d52634cc4560e1905d6529a3897ff",
                "sha256:257fd78c513e0fb5cdbe058c27a0624c9884e735bbd131935fd49e9fe719d310",
                "sha256:2b39d38039a1fdad98c87279b48bc5dce2c0ca0d73483b12cb72aa9609278e8a",
                "sha256:2cf71233a0ed05ccdabe209c606fe0bac7379fdcf687f39b944420d2a09fdb57",
                "sha256:2fe803deacd09a233e4762a1adcea5db5d31e6be577a43352936179d14d90069",
                "sha256:3232822c7d98d23895ccc443bbdf57c7412c5a65996c30442ebe6ed3df335383",
                "sha256:34aa51c45f28ba7f12accd624225e2b1e5a3a45206aa191f6f9aac931d9d56fe",
                "sha256:36f582d0c6bc99d5f39cd3ac2a9062e57f3cf606ade29a0a0d6b323462f4dd87",
                "sha256:380a85cf89e0e69b7cfbe2ea9f765f004ff419f34194018a6827ac0e3edfed4d",
                "sha256:40e7bc81c9e2b2734ea4bc1aceb8a8f0ceaac7c5299bc5d69e37c44d9081d43b",
                "sha256:43ca3bbbe97af00f49efb06e352eae40434ca9d915906f77def219b88e85d907",
                "sha256:4fcc4649dc762cddacd193e6b55bc02edca674067f5f98166d7713b193932b7f",
                "sha256:5a0f54ce2c092aaf439813735584b9537cad479575a09892b8352fea5e988dc0",
                "sha256:5a9a0d155deafd9448baff28c08e150d9b24ff010e899311ddd63c45c2445e28",
                "sha256:5b02d65b9ccf0ef6c34cba6cf5bf2aab1bb2f49c6090bafeecc9cd81ad4ea1c1",
                "sha256:60db23fa423575eeb65ea430cee741acb7c26a1365d103f7b0f6ec412b893853",
                "sha256:642c2e7a804fcf18c222e1060df25fc210b9c58db7c91416fb055897fc27e8cc",
                "sha256:6a9a25751acb379b466ff6be78a315e2b439d4c94c1e99cb7266d40a537995d3",
                "sha256:6b1a564e6cb69922c7fe3a678b9f9a3c54e72b469875aa8018f18b4d1dd1adf3",
                "sha256:6d323e1554b3d22cfc03cd3243b5bb815a51f5249fdcbb86fda4bf62bab9e164",
                "sha256:6e743de5e9c3d1b7185870f480587b75b1cb604832e380d64f9504a0535912d1",
                "sha256:709fe01086a55cf79d20f741f39325018f4df051ef39fe921b1ebe780a66184c",
                "sha256:7b7c050ae976e286906dd3f26009e117eb000fb2cf3533398c5ad9ccc86867b1",
                "sha256:7d2872609603cb35ca513d7404a94d6d608fc13211563571117046c9d2bcc3d7",
                "sha256:7ef58fb89674095bfc57c4069e95d7a31cfdc0939e2a579882ac7d55aadfd2a1",
                "sha256:80bb5c256f1415f747011dc3604b59bc1f91c6e7150bd7db03b19170ee06b320",
                "sha256:81b19725065dcb43df02b37e03278c011a09e49757287dca60c5aecdd5a0b8ed",
                "sha256:833b58d5d0b7e5b9832869f039203389ac7cbf01765639c7309fd50ef619e0b1",
                "sha256:88bd7b6bd70a5b6803c1abf6bca012f7ed963e58c68d76ee20b9d751c74a3248",
                "sha256:8ad85f7f4e20964db4daadcab70b47ab05c7c1cf2a7c1e51087bfaa83831854c",
                "sha256:8c0ce1e99116d5ab21355d8ebe53d9460366704ea38ae4d9f6933188f327b456",
                "sha256:8d649d616e5c6a678b26d15ece345354f7c2286acd6db868e65fcc5ff7c24a77",
                "sha256:903500616422a40a98a5a3c4ff4ed9d0066f3b4c951fa286018ecdf0750194ef",
                "sha256:9736af4641846491aedb3c3f56b9bc5568d92b0692303b5a305301a95dfd38b1",
                "sha256:988635d122aaf2bdcef9e795435662bcd65b02f4f4c1ae37fbee7401c440b3a7",
                "sha256:9cca3c2cdadb362116235fdbd411735de4328c61425b0aa9f872fd76d02c4e86",
                "sha256:9e0fd32e0148dd5dea6af5fee42beb949098564cc23211a88d799e434255a1f4",
                "sha256:9f3e6f9e05148ff90002b884fbc2a86bd303ae847e472f44ecc06c2cd2fcdb2d",
                "sha256:a85d2b46be66a71bedde836d9e41859879cc54a2a04fad1191eb50c2066f6e9d",
                "sha256:a9a52172be0b5aae932bef82a79ec0a0ce87288c7d132946d645eba03f0ad8a8",
                "sha256:aa31fdcc33fef9eb2552cbcbfee7773d5a6792c137b359e82879c101e98584c5",
                "sha256:b014c23646a467558be7da3d6b9fa409b2c567d2110599b7cf9a0c5992b3b471",
                "sha256:b21bb4c09ffabfa0e85e3a6b623e19b80e7acd709b9f91452b8297ace2a8ab00",
                "sha256:b5901a312f4d14c59918c221323068fad0540e34324925c8475263841dbdfe68",
                "sha256:b9b7a708dd92306328117d8c4b62e2194d00c365f18eff11a9b53c6f923b01e3",
                "sha256:d1967f46ea8f2db647c786e78d8cc7e4313dbd1b0aca360592d8027b8508e24d",
                "sha256:d52a25136894c63de15a35bc0bdc5adb4b0e173b9c0d07a2be9d3ca64a332735",
                "sha256:d77c85fedff92cf788face9bfa3ebaa364448ebb1d765302e9af11bf449ca36d",
                "sha256:d79d7d5dc8a32b7093e81e97dad755127ff77bcc899e845f41bf71747af0c569",
                "sha256:dbcda74c67263139358f4d188ae5faae95c30929281bc6866d00573783c422b7",
                "sha256:ddaea91abf8b0d13443f6dac52e89051a5063c7d014710dcb4d4abb2ff811a59",
                "sha256:dee0ce50c6a2dd9056c20db781e9c1cfd33e77d2d569f5d1d9321c641bb903d5",
                "sha256:dee60e1de1898bde3b238f18340eec6148986da0455d8ba7848d50470a7a32fb",
                "sha256:e2f83e18fe2f4c9e7db597e988f72712c0c3676d337d8b101f6758107c42425b",
                "sha256:e3fb1677c720409d5f671e39bac6c9e0e422584e5f518bfd50aa4cbbea02433f",
                "sha256:ee2b1b1769f6707a8a445162ea16dddf74285c3964f605877a20e38545c3c462",
                "sha256:ee6acae74a2b91865910eef5e7de37dc6895ad96fa23603d1d27ea69df545015",
                "sha256:ef3f72c9666bba2bab70d2a8b79f2c6d2c1a42a7f7e2b0ec83bb2f9e383950af"
            ],
            "markers": "python_version < '3.11'",
            "version": "==1.14.1"
        },
        "zipp": {
            "hashes": [
                "sha256:05b45f1ee8f807d0cc928485ca40a07cb491cf092ff587c0df9cb1fd154848d2",
                "sha256:47c40d7fe183a6f21403a199b3e4192cca5774656965b0a4988ad2f8feb5f009"
            ],
            "markers": "python_version >= '3.7'",
            "version": "==3.8.1"
        }
    }
}
